
Microsoft Visual Studio Solution File, Format Version 12.00
# Visual Studio Version 17
VisualStudioVersion = 17.7.34221.43
MinimumVisualStudioVersion = 10.0.40219.1
Project("{FAE04EC0-301F-11D3-BF4B-00C04F79EFBC}") = "CreateSqLiteDatabase", "CreateSqLiteDatabase\CreateSqLiteDatabase.csproj", "{505E3BBE-2588-48DC-8F9A-60C034DFCE65}"
EndProject
Global
	GlobalSection(SolutionConfigurationPlatforms) = preSolution
		Debug|Any CPU = Debug|Any CPU
		Release|Any CPU = Release|Any CPU
	EndGlobalSection
	GlobalSection(ProjectConfigurationPlatforms) = postSolution
		{505E3BBE-2588-48DC-8F9A-60C034DFCE65}.Debug|Any CPU.ActiveCfg = Debug|Any CPU
		{505E3BBE-2588-48DC-8F9A-60C034DFCE65}.Debug|Any CPU.Build.0 = Debug|Any CPU
		{505E3BBE-2588-48DC-8F9A-60C034DFCE65}.Release|Any CPU.ActiveCfg = Release|Any CPU
		{505E3BBE-2588-48DC-8F9A-60C034DFCE65}.Release|Any CPU.Build.0 = Release|Any CPU
	EndGlobalSection
	GlobalSection(SolutionProperties) = preSolution
		HideSolutionNode = FALSE
	EndGlobalSection
	GlobalSection(ExtensibilityGlobals) = postSolution
		SolutionGuid = {6F2739DE-FFEC-4622-A310-191530421082}
	EndGlobalSection
EndGlobal
